
Microsoft Visual Studio Solution File, Format Version 12.00
# Visual Studio Version 17
VisualStudioVersion = 17.0.31903.59
MinimumVisualStudioVersion = 10.0.40219.1
Project("{2150E333-8FDC-42A3-9474-1A3956D46DE8}") = "src", "src", "{D1CB2982-897D-4747-9F1C-8DDDE614C309}"
EndProject
Project("{FAE04EC0-301F-11D3-BF4B-00C04F79EFBC}") = "AuctionService", "src\AuctionService\AuctionService.csproj", "{20CF0C1D-9156-4A4E-8CF6-A12417AC7F3F}"
EndProject
Project("{FAE04EC0-301F-11D3-BF4B-00C04F79EFBC}") = "SearchService", "src\SearchService\SearchService.csproj", "{E204D733-D667-46C6-9F10-B84BA4DBB31C}"
EndProject
Project("{FAE04EC0-301F-11D3-BF4B-00C04F79EFBC}") = "Contracts", "src\Contracts\Contracts.csproj", "{6A15AAF6-BDAA-4960-80C6-04D330BC2410}"
EndProject
Global
	GlobalSection(SolutionConfigurationPlatforms) = preSolution
		Debug|Any CPU = Debug|Any CPU
		Release|Any CPU = Release|Any CPU
	EndGlobalSection
	GlobalSection(SolutionProperties) = preSolution
		HideSolutionNode = FALSE
	EndGlobalSection
	GlobalSection(ProjectConfigurationPlatforms) = postSolution
		{20CF0C1D-9156-4A4E-8CF6-A12417AC7F3F}.Debug|Any CPU.ActiveCfg = Debug|Any CPU
		{20CF0C1D-9156-4A4E-8CF6-A12417AC7F3F}.Debug|Any CPU.Build.0 = Debug|Any CPU
		{20CF0C1D-9156-4A4E-8CF6-A12417AC7F3F}.Release|Any CPU.ActiveCfg = Release|Any CPU
		{20CF0C1D-9156-4A4E-8CF6-A12417AC7F3F}.Release|Any CPU.Build.0 = Release|Any CPU
		{E204D733-D667-46C6-9F10-B84BA4DBB31C}.Debug|Any CPU.ActiveCfg = Debug|Any CPU
		{E204D733-D667-46C6-9F10-B84BA4DBB31C}.Debug|Any CPU.Build.0 = Debug|Any CPU
		{E204D733-D667-46C6-9F10-B84BA4DBB31C}.Release|Any CPU.ActiveCfg = Release|Any CPU
		{E204D733-D667-46C6-9F10-B84BA4DBB31C}.Release|Any CPU.Build.0 = Release|Any CPU
		{6A15AAF6-BDAA-4960-80C6-04D330BC2410}.Debug|Any CPU.ActiveCfg = Debug|Any CPU
		{6A15AAF6-BDAA-4960-80C6-04D330BC2410}.Debug|Any CPU.Build.0 = Debug|Any CPU
		{6A15AAF6-BDAA-4960-80C6-04D330BC2410}.Release|Any CPU.ActiveCfg = Release|Any CPU
		{6A15AAF6-BDAA-4960-80C6-04D330BC2410}.Release|Any CPU.Build.0 = Release|Any CPU
	EndGlobalSection
	GlobalSection(NestedProjects) = preSolution
		{20CF0C1D-9156-4A4E-8CF6-A12417AC7F3F} = {D1CB2982-897D-4747-9F1C-8DDDE614C309}
		{E204D733-D667-46C6-9F10-B84BA4DBB31C} = {D1CB2982-897D-4747-9F1C-8DDDE614C309}
		{6A15AAF6-BDAA-4960-80C6-04D330BC2410} = {D1CB2982-897D-4747-9F1C-8DDDE614C309}
	EndGlobalSection
EndGlobal
